
Microsoft Visual Studio Solution File, Format Version 12.00
# Visual Studio Version 16
VisualStudioVersion = 16.0.35130.168
MinimumVisualStudioVersion = 10.0.40219.1
Project("{FAE04EC0-301F-11D3-BF4B-00C04F79EFBC}") = "NotifyCrash", "NotifyCrash\NotifyCrash.csproj", "{F09FCD94-D03B-44CD-A0E7-EC13B1F40E61}"
EndProject
Global
	GlobalSection(SolutionConfigurationPlatforms) = preSolution
		Debug|Any CPU = Debug|Any CPU
		Release|Any CPU = Release|Any CPU
	EndGlobalSection
	GlobalSection(ProjectConfigurationPlatforms) = postSolution
		{F09FCD94-D03B-44CD-A0E7-EC13B1F40E61}.Debug|Any CPU.ActiveCfg = Debug|Any CPU
		{F09FCD94-D03B-44CD-A0E7-EC13B1F40E61}.Debug|Any CPU.Build.0 = Debug|Any CPU
		{F09FCD94-D03B-44CD-A0E7-EC13B1F40E61}.Release|Any CPU.ActiveCfg = Release|Any CPU
		{F09FCD94-D03B-44CD-A0E7-EC13B1F40E61}.Release|Any CPU.Build.0 = Release|Any CPU
	EndGlobalSection
	GlobalSection(SolutionProperties) = preSolution
		HideSolutionNode = FALSE
	EndGlobalSection
	GlobalSection(ExtensibilityGlobals) = postSolution
		SolutionGuid = {D86B2B4F-4A1E-4531-AA71-D54F98827335}
	EndGlobalSection
EndGlobal
